
Microsoft Visual Studio Solution File, Format Version 12.00
# Visual Studio 2012
Project("{FAE04EC0-301F-11D3-BF4B-00C04F79EFBC}") = "ShoesOrderPrint", "ShoesOrderPrint\ShoesOrderPrint.csproj", "{A274DEC1-4270-4DAA-B9DD-A65DCC241021}"
EndProject
Project("{FAE04EC0-301F-11D3-BF4B-00C04F79EFBC}") = "ImportDll", "ImportDll\ImportDll.csproj", "{DD6D2A6F-817C-4BA8-8076-9C58103EAFAE}"
EndProject
Global
	GlobalSection(SolutionConfigurationPlatforms) = preSolution
		Debug|Any CPU = Debug|Any CPU
		Release|Any CPU = Release|Any CPU
	EndGlobalSection
	GlobalSection(ProjectConfigurationPlatforms) = postSolution
		{A274DEC1-4270-4DAA-B9DD-A65DCC241021}.Debug|Any CPU.ActiveCfg = Debug|Any CPU
		{A274DEC1-4270-4DAA-B9DD-A65DCC241021}.Debug|Any CPU.Build.0 = Debug|Any CPU
		{A274DEC1-4270-4DAA-B9DD-A65DCC241021}.Release|Any CPU.ActiveCfg = Release|Any CPU
		{A274DEC1-4270-4DAA-B9DD-A65DCC241021}.Release|Any CPU.Build.0 = Release|Any CPU
		{DD6D2A6F-817C-4BA8-8076-9C58103EAFAE}.Debug|Any CPU.ActiveCfg = Debug|Any CPU
		{DD6D2A6F-817C-4BA8-8076-9C58103EAFAE}.Debug|Any CPU.Build.0 = Debug|Any CPU
		{DD6D2A6F-817C-4BA8-8076-9C58103EAFAE}.Release|Any CPU.ActiveCfg = Release|Any CPU
		{DD6D2A6F-817C-4BA8-8076-9C58103EAFAE}.Release|Any CPU.Build.0 = Release|Any CPU
	EndGlobalSection
	GlobalSection(SolutionProperties) = preSolution
		HideSolutionNode = FALSE
	EndGlobalSection
EndGlobal
